
Microsoft Visual Studio Solution File, Format Version 12.00
# Visual Studio Version 16
VisualStudioVersion = 16.0.30611.23
MinimumVisualStudioVersion = 10.0.40219.1
Project("{FAE04EC0-301F-11D3-BF4B-00C04F79EFBC}") = "TDD 1", "TDD 1\TDD 1.csproj", "{4700AE81-DC7F-4A8A-801C-74A6F79B0061}"
EndProject
Project("{FAE04EC0-301F-11D3-BF4B-00C04F79EFBC}") = "TDD Core", "TDD Core\TDD Core.csproj", "{2E07D122-FD60-482F-B870-FFE4B100F032}"
EndProject
Global
	GlobalSection(SolutionConfigurationPlatforms) = preSolution
		Debug|Any CPU = Debug|Any CPU
		Release|Any CPU = Release|Any CPU
	EndGlobalSection
	GlobalSection(ProjectConfigurationPlatforms) = postSolution
		{4700AE81-DC7F-4A8A-801C-74A6F79B0061}.Debug|Any CPU.ActiveCfg = Debug|Any CPU
		{4700AE81-DC7F-4A8A-801C-74A6F79B0061}.Debug|Any CPU.Build.0 = Debug|Any CPU
		{4700AE81-DC7F-4A8A-801C-74A6F79B0061}.Release|Any CPU.ActiveCfg = Release|Any CPU
		{4700AE81-DC7F-4A8A-801C-74A6F79B0061}.Release|Any CPU.Build.0 = Release|Any CPU
		{2E07D122-FD60-482F-B870-FFE4B100F032}.Debug|Any CPU.ActiveCfg = Debug|Any CPU
		{2E07D122-FD60-482F-B870-FFE4B100F032}.Debug|Any CPU.Build.0 = Debug|Any CPU
		{2E07D122-FD60-482F-B870-FFE4B100F032}.Release|Any CPU.ActiveCfg = Release|Any CPU
		{2E07D122-FD60-482F-B870-FFE4B100F032}.Release|Any CPU.Build.0 = Release|Any CPU
	EndGlobalSection
	GlobalSection(SolutionProperties) = preSolution
		HideSolutionNode = FALSE
	EndGlobalSection
	GlobalSection(ExtensibilityGlobals) = postSolution
		SolutionGuid = {88704623-AB2F-4262-BE8B-D742CBE69C94}
	EndGlobalSection
EndGlobal
